
Microsoft Visual Studio Solution File, Format Version 12.00
# Visual Studio 15
VisualStudioVersion = 15.0.28307.1738
MinimumVisualStudioVersion = 10.0.40219.1
Project("{FAE04EC0-301F-11D3-BF4B-00C04F79EFBC}") = "Agents", "Agents\Agents.csproj", "{59070640-11F0-4906-9D6A-03B3F455F0ED}"
EndProject
Global
	GlobalSection(SolutionConfigurationPlatforms) = preSolution
		Debug|Any CPU = Debug|Any CPU
		Release|Any CPU = Release|Any CPU
	EndGlobalSection
	GlobalSection(ProjectConfigurationPlatforms) = postSolution
		{59070640-11F0-4906-9D6A-03B3F455F0ED}.Debug|Any CPU.ActiveCfg = Debug|Any CPU
		{59070640-11F0-4906-9D6A-03B3F455F0ED}.Debug|Any CPU.Build.0 = Debug|Any CPU
		{59070640-11F0-4906-9D6A-03B3F455F0ED}.Release|Any CPU.ActiveCfg = Release|Any CPU
		{59070640-11F0-4906-9D6A-03B3F455F0ED}.Release|Any CPU.Build.0 = Release|Any CPU
	EndGlobalSection
	GlobalSection(SolutionProperties) = preSolution
		HideSolutionNode = FALSE
	EndGlobalSection
	GlobalSection(ExtensibilityGlobals) = postSolution
		SolutionGuid = {8CAE6456-7941-47CD-ACA4-9521B5C9E32E}
	EndGlobalSection
EndGlobal
